
Microsoft Visual Studio Solution File, Format Version 12.00
# Visual Studio Version 16
VisualStudioVersion = 16.0.31729.503
MinimumVisualStudioVersion = 10.0.40219.1
Project("{FAE04EC0-301F-11D3-BF4B-00C04F79EFBC}") = "Les_4_Ex_4", "Les_4_Ex_4\Les_4_Ex_4.csproj", "{F3152751-D78B-477F-AD8C-6C944920D172}"
EndProject
Global
	GlobalSection(SolutionConfigurationPlatforms) = preSolution
		Debug|Any CPU = Debug|Any CPU
		Release|Any CPU = Release|Any CPU
	EndGlobalSection
	GlobalSection(ProjectConfigurationPlatforms) = postSolution
		{F3152751-D78B-477F-AD8C-6C944920D172}.Debug|Any CPU.ActiveCfg = Debug|Any CPU
		{F3152751-D78B-477F-AD8C-6C944920D172}.Debug|Any CPU.Build.0 = Debug|Any CPU
		{F3152751-D78B-477F-AD8C-6C944920D172}.Release|Any CPU.ActiveCfg = Release|Any CPU
		{F3152751-D78B-477F-AD8C-6C944920D172}.Release|Any CPU.Build.0 = Release|Any CPU
	EndGlobalSection
	GlobalSection(SolutionProperties) = preSolution
		HideSolutionNode = FALSE
	EndGlobalSection
	GlobalSection(ExtensibilityGlobals) = postSolution
		SolutionGuid = {E11C3317-3E09-4AE3-84E4-A038AE969BF9}
	EndGlobalSection
EndGlobal
