
Microsoft Visual Studio Solution File, Format Version 12.00
# Visual Studio Version 16
VisualStudioVersion = 16.0.31729.503
MinimumVisualStudioVersion = 10.0.40219.1
Project("{FAE04EC0-301F-11D3-BF4B-00C04F79EFBC}") = "Les_4_Ex_3", "Les_4_Ex_3\Les_4_Ex_3.csproj", "{D07660D8-4337-4E27-90A0-65EF8292BC76}"
EndProject
Global
	GlobalSection(SolutionConfigurationPlatforms) = preSolution
		Debug|Any CPU = Debug|Any CPU
		Release|Any CPU = Release|Any CPU
	EndGlobalSection
	GlobalSection(ProjectConfigurationPlatforms) = postSolution
		{D07660D8-4337-4E27-90A0-65EF8292BC76}.Debug|Any CPU.ActiveCfg = Debug|Any CPU
		{D07660D8-4337-4E27-90A0-65EF8292BC76}.Debug|Any CPU.Build.0 = Debug|Any CPU
		{D07660D8-4337-4E27-90A0-65EF8292BC76}.Release|Any CPU.ActiveCfg = Release|Any CPU
		{D07660D8-4337-4E27-90A0-65EF8292BC76}.Release|Any CPU.Build.0 = Release|Any CPU
	EndGlobalSection
	GlobalSection(SolutionProperties) = preSolution
		HideSolutionNode = FALSE
	EndGlobalSection
	GlobalSection(ExtensibilityGlobals) = postSolution
		SolutionGuid = {FF6A25FA-8F7A-4035-81AE-0214E671A76B}
	EndGlobalSection
EndGlobal
